
Microsoft Visual Studio Solution File, Format Version 12.00
# Visual Studio Version 16
VisualStudioVersion = 16.0.29009.5
MinimumVisualStudioVersion = 10.0.40219.1
Project("{FAE04EC0-301F-11D3-BF4B-00C04F79EFBC}") = "OneLauncher.WPF", "OneLauncher.WPF\OneLauncher.WPF.csproj", "{113C36F3-EC67-4A6E-9FF7-260CBE8C7851}"
EndProject
Project("{FAE04EC0-301F-11D3-BF4B-00C04F79EFBC}") = "OneLauncher.UWP", "OneLauncher.UWP\OneLauncher.UWP.csproj", "{6411C466-48CD-4D6F-A7CB-FE41F79BAC19}"
EndProject
Project("{D954291E-2A0B-460D-934E-DC6B0785DB48}") = "KMCCC.Shared", "KMCCC\KMCCC.Shared\KMCCC.Shared.shproj", "{564F0AF1-50E3-4AB4-A3B1-9A73882C3F3B}"
EndProject
Project("{9A19103F-16F7-4668-BE54-9A1E7A4F7556}") = "OneLauncher.Core", "OneLauncher.Core\OneLauncher.Core.csproj", "{4FFE312C-2BC7-4B8D-9AF9-25D8F6A505B8}"
EndProject
Project("{C7167F0D-BC9F-4E6E-AFE1-012C56B48DB5}") = "PackageProject", "PackageProject\PackageProject.wapproj", "{DF3F16CE-F7A4-414A-AD79-5D761B6E7F85}"
EndProject
Project("{9A19103F-16F7-4668-BE54-9A1E7A4F7556}") = "OneLauncher.UWPCore", "OneLauncher.UWPCore\OneLauncher.UWPCore.csproj", "{36542288-4F8A-4C35-A559-18BE3926513F}"
EndProject
Project("{FAE04EC0-301F-11D3-BF4B-00C04F79EFBC}") = "KMCCC", "KMCCC\KMCCC\KMCCC.csproj", "{8C411ED5-8892-4B41-90BA-CB5266D00B09}"
EndProject
Global
	GlobalSection(SharedMSBuildProjectFiles) = preSolution
		KMCCC\KMCCC.Shared\KMCCC.Shared.projitems*{564f0af1-50e3-4ab4-a3b1-9a73882c3f3b}*SharedItemsImports = 13
	EndGlobalSection
	GlobalSection(SolutionConfigurationPlatforms) = preSolution
		Debug|Any CPU = Debug|Any CPU
		Debug|x64 = Debug|x64
		Debug|x86 = Debug|x86
		Release|Any CPU = Release|Any CPU
		Release|x64 = Release|x64
		Release|x86 = Release|x86
	EndGlobalSection
	GlobalSection(ProjectConfigurationPlatforms) = postSolution
		{113C36F3-EC67-4A6E-9FF7-260CBE8C7851}.Debug|Any CPU.ActiveCfg = Debug|Any CPU
		{113C36F3-EC67-4A6E-9FF7-260CBE8C7851}.Debug|Any CPU.Build.0 = Debug|Any CPU
		{113C36F3-EC67-4A6E-9FF7-260CBE8C7851}.Debug|x64.ActiveCfg = Debug|Any CPU
		{113C36F3-EC67-4A6E-9FF7-260CBE8C7851}.Debug|x64.Build.0 = Debug|Any CPU
		{113C36F3-EC67-4A6E-9FF7-260CBE8C7851}.Debug|x86.ActiveCfg = Debug|Any CPU
		{113C36F3-EC67-4A6E-9FF7-260CBE8C7851}.Debug|x86.Build.0 = Debug|Any CPU
		{113C36F3-EC67-4A6E-9FF7-260CBE8C7851}.Release|Any CPU.ActiveCfg = Release|Any CPU
		{113C36F3-EC67-4A6E-9FF7-260CBE8C7851}.Release|Any CPU.Build.0 = Release|Any CPU
		{113C36F3-EC67-4A6E-9FF7-260CBE8C7851}.Release|x64.ActiveCfg = Release|Any CPU
		{113C36F3-EC67-4A6E-9FF7-260CBE8C7851}.Release|x64.Build.0 = Release|Any CPU
		{113C36F3-EC67-4A6E-9FF7-260CBE8C7851}.Release|x86.ActiveCfg = Release|Any CPU
		{113C36F3-EC67-4A6E-9FF7-260CBE8C7851}.Release|x86.Build.0 = Release|Any CPU
		{6411C466-48CD-4D6F-A7CB-FE41F79BAC19}.Debug|Any CPU.ActiveCfg = Debug|x86
		{6411C466-48CD-4D6F-A7CB-FE41F79BAC19}.Debug|x64.ActiveCfg = Debug|x64
		{6411C466-48CD-4D6F-A7CB-FE41F79BAC19}.Debug|x64.Build.0 = Debug|x64
		{6411C466-48CD-4D6F-A7CB-FE41F79BAC19}.Debug|x64.Deploy.0 = Debug|x64
		{6411C466-48CD-4D6F-A7CB-FE41F79BAC19}.Debug|x86.ActiveCfg = Debug|x86
		{6411C466-48CD-4D6F-A7CB-FE41F79BAC19}.Debug|x86.Build.0 = Debug|x86
		{6411C466-48CD-4D6F-A7CB-FE41F79BAC19}.Debug|x86.Deploy.0 = Debug|x86
		{6411C466-48CD-4D6F-A7CB-FE41F79BAC19}.Release|Any CPU.ActiveCfg = Release|x86
		{6411C466-48CD-4D6F-A7CB-FE41F79BAC19}.Release|x64.ActiveCfg = Release|x64
		{6411C466-48CD-4D6F-A7CB-FE41F79BAC19}.Release|x64.Build.0 = Release|x64
		{6411C466-48CD-4D6F-A7CB-FE41F79BAC19}.Release|x64.Deploy.0 = Release|x64
		{6411C466-48CD-4D6F-A7CB-FE41F79BAC19}.Release|x86.ActiveCfg = Release|x86
		{6411C466-48CD-4D6F-A7CB-FE41F79BAC19}.Release|x86.Build.0 = Release|x86
		{6411C466-48CD-4D6F-A7CB-FE41F79BAC19}.Release|x86.Deploy.0 = Release|x86
		{4FFE312C-2BC7-4B8D-9AF9-25D8F6A505B8}.Debug|Any CPU.ActiveCfg = Debug|Any CPU
		{4FFE312C-2BC7-4B8D-9AF9-25D8F6A505B8}.Debug|Any CPU.Build.0 = Debug|Any CPU
		{4FFE312C-2BC7-4B8D-9AF9-25D8F6A505B8}.Debug|x64.ActiveCfg = Debug|Any CPU
		{4FFE312C-2BC7-4B8D-9AF9-25D8F6A505B8}.Debug|x64.Build.0 = Debug|Any CPU
		{4FFE312C-2BC7-4B8D-9AF9-25D8F6A505B8}.Debug|x86.ActiveCfg = Debug|Any CPU
		{4FFE312C-2BC7-4B8D-9AF9-25D8F6A505B8}.Debug|x86.Build.0 = Debug|Any CPU
		{4FFE312C-2BC7-4B8D-9AF9-25D8F6A505B8}.Release|Any CPU.ActiveCfg = Release|Any CPU
		{4FFE312C-2BC7-4B8D-9AF9-25D8F6A505B8}.Release|Any CPU.Build.0 = Release|Any CPU
		{4FFE312C-2BC7-4B8D-9AF9-25D8F6A505B8}.Release|x64.ActiveCfg = Release|Any CPU
		{4FFE312C-2BC7-4B8D-9AF9-25D8F6A505B8}.Release|x64.Build.0 = Release|Any CPU
		{4FFE312C-2BC7-4B8D-9AF9-25D8F6A505B8}.Release|x86.ActiveCfg = Release|Any CPU
		{4FFE312C-2BC7-4B8D-9AF9-25D8F6A505B8}.Release|x86.Build.0 = Release|Any CPU
		{DF3F16CE-F7A4-414A-AD79-5D761B6E7F85}.Debug|Any CPU.ActiveCfg = Debug|Any CPU
		{DF3F16CE-F7A4-414A-AD79-5D761B6E7F85}.Debug|Any CPU.Build.0 = Debug|Any CPU
		{DF3F16CE-F7A4-414A-AD79-5D761B6E7F85}.Debug|Any CPU.Deploy.0 = Debug|Any CPU
		{DF3F16CE-F7A4-414A-AD79-5D761B6E7F85}.Debug|x64.ActiveCfg = Debug|x64
		{DF3F16CE-F7A4-414A-AD79-5D761B6E7F85}.Debug|x64.Build.0 = Debug|x64
		{DF3F16CE-F7A4-414A-AD79-5D761B6E7F85}.Debug|x64.Deploy.0 = Debug|x64
		{DF3F16CE-F7A4-414A-AD79-5D761B6E7F85}.Debug|x86.ActiveCfg = Debug|x86
		{DF3F16CE-F7A4-414A-AD79-5D761B6E7F85}.Debug|x86.Build.0 = Debug|x86
		{DF3F16CE-F7A4-414A-AD79-5D761B6E7F85}.Debug|x86.Deploy.0 = Debug|x86
		{DF3F16CE-F7A4-414A-AD79-5D761B6E7F85}.Release|Any CPU.ActiveCfg = Release|Any CPU
		{DF3F16CE-F7A4-414A-AD79-5D761B6E7F85}.Release|Any CPU.Build.0 = Release|Any CPU
		{DF3F16CE-F7A4-414A-AD79-5D761B6E7F85}.Release|Any CPU.Deploy.0 = Release|Any CPU
		{DF3F16CE-F7A4-414A-AD79-5D761B6E7F85}.Release|x64.ActiveCfg = Release|x64
		{DF3F16CE-F7A4-414A-AD79-5D761B6E7F85}.Release|x64.Build.0 = Release|x64
		{DF3F16CE-F7A4-414A-AD79-5D761B6E7F85}.Release|x64.Deploy.0 = Release|x64
		{DF3F16CE-F7A4-414A-AD79-5D761B6E7F85}.Release|x86.ActiveCfg = Release|x86
		{DF3F16CE-F7A4-414A-AD79-5D761B6E7F85}.Release|x86.Build.0 = Release|x86
		{DF3F16CE-F7A4-414A-AD79-5D761B6E7F85}.Release|x86.Deploy.0 = Release|x86
		{36542288-4F8A-4C35-A559-18BE3926513F}.Debug|Any CPU.ActiveCfg = Debug|Any CPU
		{36542288-4F8A-4C35-A559-18BE3926513F}.Debug|Any CPU.Build.0 = Debug|Any CPU
		{36542288-4F8A-4C35-A559-18BE3926513F}.Debug|x64.ActiveCfg = Debug|Any CPU
		{36542288-4F8A-4C35-A559-18BE3926513F}.Debug|x64.Build.0 = Debug|Any CPU
		{36542288-4F8A-4C35-A559-18BE3926513F}.Debug|x86.ActiveCfg = Debug|Any CPU
		{36542288-4F8A-4C35-A559-18BE3926513F}.Debug|x86.Build.0 = Debug|Any CPU
		{36542288-4F8A-4C35-A559-18BE3926513F}.Release|Any CPU.ActiveCfg = Release|Any CPU
		{36542288-4F8A-4C35-A559-18BE3926513F}.Release|Any CPU.Build.0 = Release|Any CPU
		{36542288-4F8A-4C35-A559-18BE3926513F}.Release|x64.ActiveCfg = Release|Any CPU
		{36542288-4F8A-4C35-A559-18BE3926513F}.Release|x64.Build.0 = Release|Any CPU
		{36542288-4F8A-4C35-A559-18BE3926513F}.Release|x86.ActiveCfg = Release|Any CPU
		{36542288-4F8A-4C35-A559-18BE3926513F}.Release|x86.Build.0 = Release|Any CPU
		{8C411ED5-8892-4B41-90BA-CB5266D00B09}.Debug|Any CPU.ActiveCfg = Debug|Any CPU
		{8C411ED5-8892-4B41-90BA-CB5266D00B09}.Debug|Any CPU.Build.0 = Debug|Any CPU
		{8C411ED5-8892-4B41-90BA-CB5266D00B09}.Debug|x64.ActiveCfg = Debug|Any CPU
		{8C411ED5-8892-4B41-90BA-CB5266D00B09}.Debug|x64.Build.0 = Debug|Any CPU
		{8C411ED5-8892-4B41-90BA-CB5266D00B09}.Debug|x86.ActiveCfg = Debug|Any CPU
		{8C411ED5-8892-4B41-90BA-CB5266D00B09}.Debug|x86.Build.0 = Debug|Any CPU
		{8C411ED5-8892-4B41-90BA-CB5266D00B09}.Release|Any CPU.ActiveCfg = Release|Any CPU
		{8C411ED5-8892-4B41-90BA-CB5266D00B09}.Release|Any CPU.Build.0 = Release|Any CPU
		{8C411ED5-8892-4B41-90BA-CB5266D00B09}.Release|x64.ActiveCfg = Release|Any CPU
		{8C411ED5-8892-4B41-90BA-CB5266D00B09}.Release|x64.Build.0 = Release|Any CPU
		{8C411ED5-8892-4B41-90BA-CB5266D00B09}.Release|x86.ActiveCfg = Release|Any CPU
		{8C411ED5-8892-4B41-90BA-CB5266D00B09}.Release|x86.Build.0 = Release|Any CPU
	EndGlobalSection
	GlobalSection(SolutionProperties) = preSolution
		HideSolutionNode = FALSE
	EndGlobalSection
	GlobalSection(ExtensibilityGlobals) = postSolution
		SolutionGuid = {65292118-530A-4689-9C03-B1AA62DD93E9}
	EndGlobalSection
EndGlobal
